
Microsoft Visual Studio Solution File, Format Version 12.00
# Visual Studio Version 16
VisualStudioVersion = 16.0.28822.285
MinimumVisualStudioVersion = 10.0.40219.1
Project("{2150E333-8FDC-42A3-9474-1A3956D46DE8}") = "Demo01", "Demo01", "{C4FCF5FC-F3A1-4112-A0F2-35236E5F4C45}"
EndProject
Project("{2150E333-8FDC-42A3-9474-1A3956D46DE8}") = "Server", "Server", "{0E1DC973-37C6-4373-9B8F-DCF540F7EBF2}"
EndProject
Project("{2150E333-8FDC-42A3-9474-1A3956D46DE8}") = "GUI", "GUI", "{E2EC32C9-58E3-447F-93ED-E48B18D0F70C}"
EndProject
Project("{9A19103F-16F7-4668-BE54-9A1E7A4F7556}") = "GUI", "Demo01\GUI\GUI01\GUI.csproj", "{1EE04AB8-07C7-4AD7-A2A2-ACA20592E583}"
EndProject
Project("{9A19103F-16F7-4668-BE54-9A1E7A4F7556}") = "Server", "Demo01\Server\Server.csproj", "{75D2ABA0-724A-4D21-963A-6D98BFD84497}"
EndProject
Project("{2150E333-8FDC-42A3-9474-1A3956D46DE8}") = "Solution Items", "Solution Items", "{D28DCB39-EDE5-49BE-A2C5-EAAEFACCBFBB}"
	ProjectSection(SolutionItems) = preProject
		Directory.Build.props = Directory.Build.props
		ReadMe.md = ReadMe.md
	EndProjectSection
EndProject
Project("{2150E333-8FDC-42A3-9474-1A3956D46DE8}") = "PlugIns", "PlugIns", "{C228089F-41CA-4D9B-AF3B-6A33E730A8A8}"
EndProject
Project("{2150E333-8FDC-42A3-9474-1A3956D46DE8}") = "GUIServices", "GUIServices", "{2CB47A45-29CC-4C79-8650-29DFB09A7D8B}"
EndProject
Project("{9A19103F-16F7-4668-BE54-9A1E7A4F7556}") = "PlugIn.GUIServices.StringConstants", "Demo01\PlugIns\GUIServices\StringConstants\PlugIn.GUIServices.StringConstants.csproj", "{7F25FF58-9AC3-47F8-9F61-DFC241C55D2C}"
EndProject
Project("{9A19103F-16F7-4668-BE54-9A1E7A4F7556}") = "PlugIn.GUIServices.Shared", "Demo01\PlugIns\GUIServices\Shared\PlugIn.GUIServices.Shared.csproj", "{A26AB683-9F85-45A6-892B-F06C402DB7C5}"
EndProject
Project("{9A19103F-16F7-4668-BE54-9A1E7A4F7556}") = "PlugIn.GUIServices.Models", "Demo01\PlugIns\GUIServices\Models\PlugIn.GUIServices.Models.csproj", "{F686DE51-D67C-43E1-A962-1FF27F837878}"
EndProject
Project("{9A19103F-16F7-4668-BE54-9A1E7A4F7556}") = "PlugIn.GUIServices.Interfaces", "Demo01\PlugIns\GUIServices\Interfaces\PlugIn.GUIServices.Interfaces.csproj", "{5D71A2DD-AD09-40F0-83DD-BFB2E2C98B28}"
EndProject
Project("{9A19103F-16F7-4668-BE54-9A1E7A4F7556}") = "PlugIn.GUIServices.Data", "Demo01\PlugIns\GUIServices\Data\PlugIn.GUIServices.Data.csproj", "{2FAF1792-6BA4-4E6F-8320-251F0BCFCB8D}"
EndProject
Project("{9A19103F-16F7-4668-BE54-9A1E7A4F7556}") = "PlugIn.GUIServices.Plugin", "Demo01\PlugIns\GUIServices\Plugin\PlugIn.GUIServices.Plugin.csproj", "{6D051132-4829-41E9-9658-306FE30F6C38}"
EndProject
Project("{2150E333-8FDC-42A3-9474-1A3956D46DE8}") = "GUI01", "GUI01", "{915EDB8E-ECF8-460D-8F41-3DAF94CFAFD3}"
EndProject
Project("{2150E333-8FDC-42A3-9474-1A3956D46DE8}") = "GUI02", "GUI02", "{EE86F7E6-7DFB-4533-9478-B2B802413D05}"
EndProject
Project("{9A19103F-16F7-4668-BE54-9A1E7A4F7556}") = "GUI", "Demo01\GUI\GUI02\GUI.csproj", "{3A9D5C4E-1856-4779-9A2C-AAA59110525D}"
EndProject
Global
	GlobalSection(SolutionConfigurationPlatforms) = preSolution
		Debug|Any CPU = Debug|Any CPU
		Release|Any CPU = Release|Any CPU
	EndGlobalSection
	GlobalSection(ProjectConfigurationPlatforms) = postSolution
		{1EE04AB8-07C7-4AD7-A2A2-ACA20592E583}.Debug|Any CPU.ActiveCfg = Release|Any CPU
		{1EE04AB8-07C7-4AD7-A2A2-ACA20592E583}.Debug|Any CPU.Build.0 = Release|Any CPU
		{1EE04AB8-07C7-4AD7-A2A2-ACA20592E583}.Release|Any CPU.ActiveCfg = Release|Any CPU
		{1EE04AB8-07C7-4AD7-A2A2-ACA20592E583}.Release|Any CPU.Build.0 = Release|Any CPU
		{75D2ABA0-724A-4D21-963A-6D98BFD84497}.Debug|Any CPU.ActiveCfg = Debug|Any CPU
		{75D2ABA0-724A-4D21-963A-6D98BFD84497}.Debug|Any CPU.Build.0 = Debug|Any CPU
		{75D2ABA0-724A-4D21-963A-6D98BFD84497}.Release|Any CPU.ActiveCfg = Release|Any CPU
		{75D2ABA0-724A-4D21-963A-6D98BFD84497}.Release|Any CPU.Build.0 = Release|Any CPU
		{7F25FF58-9AC3-47F8-9F61-DFC241C55D2C}.Debug|Any CPU.ActiveCfg = Debug|Any CPU
		{7F25FF58-9AC3-47F8-9F61-DFC241C55D2C}.Debug|Any CPU.Build.0 = Debug|Any CPU
		{7F25FF58-9AC3-47F8-9F61-DFC241C55D2C}.Release|Any CPU.ActiveCfg = Release|Any CPU
		{7F25FF58-9AC3-47F8-9F61-DFC241C55D2C}.Release|Any CPU.Build.0 = Release|Any CPU
		{A26AB683-9F85-45A6-892B-F06C402DB7C5}.Debug|Any CPU.ActiveCfg = Debug|Any CPU
		{A26AB683-9F85-45A6-892B-F06C402DB7C5}.Debug|Any CPU.Build.0 = Debug|Any CPU
		{A26AB683-9F85-45A6-892B-F06C402DB7C5}.Release|Any CPU.ActiveCfg = Release|Any CPU
		{A26AB683-9F85-45A6-892B-F06C402DB7C5}.Release|Any CPU.Build.0 = Release|Any CPU
		{F686DE51-D67C-43E1-A962-1FF27F837878}.Debug|Any CPU.ActiveCfg = Debug|Any CPU
		{F686DE51-D67C-43E1-A962-1FF27F837878}.Debug|Any CPU.Build.0 = Debug|Any CPU
		{F686DE51-D67C-43E1-A962-1FF27F837878}.Release|Any CPU.ActiveCfg = Release|Any CPU
		{F686DE51-D67C-43E1-A962-1FF27F837878}.Release|Any CPU.Build.0 = Release|Any CPU
		{5D71A2DD-AD09-40F0-83DD-BFB2E2C98B28}.Debug|Any CPU.ActiveCfg = Debug|Any CPU
		{5D71A2DD-AD09-40F0-83DD-BFB2E2C98B28}.Debug|Any CPU.Build.0 = Debug|Any CPU
		{5D71A2DD-AD09-40F0-83DD-BFB2E2C98B28}.Release|Any CPU.ActiveCfg = Release|Any CPU
		{5D71A2DD-AD09-40F0-83DD-BFB2E2C98B28}.Release|Any CPU.Build.0 = Release|Any CPU
		{2FAF1792-6BA4-4E6F-8320-251F0BCFCB8D}.Debug|Any CPU.ActiveCfg = Debug|Any CPU
		{2FAF1792-6BA4-4E6F-8320-251F0BCFCB8D}.Debug|Any CPU.Build.0 = Debug|Any CPU
		{2FAF1792-6BA4-4E6F-8320-251F0BCFCB8D}.Release|Any CPU.ActiveCfg = Release|Any CPU
		{2FAF1792-6BA4-4E6F-8320-251F0BCFCB8D}.Release|Any CPU.Build.0 = Release|Any CPU
		{6D051132-4829-41E9-9658-306FE30F6C38}.Debug|Any CPU.ActiveCfg = Debug|Any CPU
		{6D051132-4829-41E9-9658-306FE30F6C38}.Debug|Any CPU.Build.0 = Debug|Any CPU
		{6D051132-4829-41E9-9658-306FE30F6C38}.Release|Any CPU.ActiveCfg = Release|Any CPU
		{6D051132-4829-41E9-9658-306FE30F6C38}.Release|Any CPU.Build.0 = Release|Any CPU
		{3A9D5C4E-1856-4779-9A2C-AAA59110525D}.Debug|Any CPU.ActiveCfg = Debug|Any CPU
		{3A9D5C4E-1856-4779-9A2C-AAA59110525D}.Debug|Any CPU.Build.0 = Debug|Any CPU
		{3A9D5C4E-1856-4779-9A2C-AAA59110525D}.Release|Any CPU.ActiveCfg = Release|Any CPU
		{3A9D5C4E-1856-4779-9A2C-AAA59110525D}.Release|Any CPU.Build.0 = Release|Any CPU
	EndGlobalSection
	GlobalSection(SolutionProperties) = preSolution
		HideSolutionNode = FALSE
	EndGlobalSection
	GlobalSection(NestedProjects) = preSolution
		{0E1DC973-37C6-4373-9B8F-DCF540F7EBF2} = {C4FCF5FC-F3A1-4112-A0F2-35236E5F4C45}
		{E2EC32C9-58E3-447F-93ED-E48B18D0F70C} = {C4FCF5FC-F3A1-4112-A0F2-35236E5F4C45}
		{1EE04AB8-07C7-4AD7-A2A2-ACA20592E583} = {915EDB8E-ECF8-460D-8F41-3DAF94CFAFD3}
		{75D2ABA0-724A-4D21-963A-6D98BFD84497} = {0E1DC973-37C6-4373-9B8F-DCF540F7EBF2}
		{C228089F-41CA-4D9B-AF3B-6A33E730A8A8} = {0E1DC973-37C6-4373-9B8F-DCF540F7EBF2}
		{2CB47A45-29CC-4C79-8650-29DFB09A7D8B} = {C228089F-41CA-4D9B-AF3B-6A33E730A8A8}
		{7F25FF58-9AC3-47F8-9F61-DFC241C55D2C} = {2CB47A45-29CC-4C79-8650-29DFB09A7D8B}
		{A26AB683-9F85-45A6-892B-F06C402DB7C5} = {2CB47A45-29CC-4C79-8650-29DFB09A7D8B}
		{F686DE51-D67C-43E1-A962-1FF27F837878} = {2CB47A45-29CC-4C79-8650-29DFB09A7D8B}
		{5D71A2DD-AD09-40F0-83DD-BFB2E2C98B28} = {2CB47A45-29CC-4C79-8650-29DFB09A7D8B}
		{2FAF1792-6BA4-4E6F-8320-251F0BCFCB8D} = {2CB47A45-29CC-4C79-8650-29DFB09A7D8B}
		{6D051132-4829-41E9-9658-306FE30F6C38} = {2CB47A45-29CC-4C79-8650-29DFB09A7D8B}
		{915EDB8E-ECF8-460D-8F41-3DAF94CFAFD3} = {E2EC32C9-58E3-447F-93ED-E48B18D0F70C}
		{EE86F7E6-7DFB-4533-9478-B2B802413D05} = {E2EC32C9-58E3-447F-93ED-E48B18D0F70C}
		{3A9D5C4E-1856-4779-9A2C-AAA59110525D} = {EE86F7E6-7DFB-4533-9478-B2B802413D05}
	EndGlobalSection
	GlobalSection(ExtensibilityGlobals) = postSolution
		SolutionGuid = {44B34B59-441A-460C-85B9-364D0E4153F9}
	EndGlobalSection
EndGlobal
